{
  "name": "fairboard",
  "version": "1.0.0",
  "lockfileVersion": 2,
  "requires": true,
  "packages": {
    "": {
      "name": "fairboard",
      "version": "1.0.0",
      "license": "ISC",
      "dependencies": {
        "fs-js": "^1.0.6"
      }
    },
    "node_modules/fs-js": {
      "version": "1.0.6",
      "resolved": "https://registry.npmjs.org/fs-js/-/fs-js-1.0.6.tgz",
      "integrity": "sha512-Y4MPgFBY/6QIFvGzWD/TGbcgFEOfyRfWFRHpGERjmlqe5aHP2inb1M2BiEzITu6rxjDeEkV5bbwkHTjH6BadEA=="
    }
  },
  "dependencies": {
    "fs-js": {
      "version": "1.0.6",
      "resolved": "https://registry.npmjs.org/fs-js/-/fs-js-1.0.6.tgz",
      "integrity": "sha512-Y4MPgFBY/6QIFvGzWD/TGbcgFEOfyRfWFRHpGERjmlqe5aHP2inb1M2BiEzITu6rxjDeEkV5bbwkHTjH6BadEA=="
    }
  }
}
